
Microsoft Visual Studio Solution File, Format Version 12.00
# Visual Studio Version 17
VisualStudioVersion = 17.5.33530.505
MinimumVisualStudioVersion = 10.0.40219.1
Project("{FAE04EC0-301F-11D3-BF4B-00C04F79EFBC}") = "newAscii", "newAscii\newAscii.csproj", "{5E30DF62-E82A-4C00-85D6-BAF5819541FB}"
EndProject
Global
	GlobalSection(SolutionConfigurationPlatforms) = preSolution
		Debug|Any CPU = Debug|Any CPU
		Release|Any CPU = Release|Any CPU
	EndGlobalSection
	GlobalSection(ProjectConfigurationPlatforms) = postSolution
		{5E30DF62-E82A-4C00-85D6-BAF5819541FB}.Debug|Any CPU.ActiveCfg = Debug|Any CPU
		{5E30DF62-E82A-4C00-85D6-BAF5819541FB}.Debug|Any CPU.Build.0 = Debug|Any CPU
		{5E30DF62-E82A-4C00-85D6-BAF5819541FB}.Release|Any CPU.ActiveCfg = Release|Any CPU
		{5E30DF62-E82A-4C00-85D6-BAF5819541FB}.Release|Any CPU.Build.0 = Release|Any CPU
	EndGlobalSection
	GlobalSection(SolutionProperties) = preSolution
		HideSolutionNode = FALSE
	EndGlobalSection
	GlobalSection(ExtensibilityGlobals) = postSolution
		SolutionGuid = {3FB386FB-6555-4BCE-87D8-AD153C728C97}
	EndGlobalSection
EndGlobal
